
Microsoft Visual Studio Solution File, Format Version 12.00
# Visual Studio Version 17
VisualStudioVersion = 17.3.32922.545
MinimumVisualStudioVersion = 10.0.40219.1
Project("{FAE04EC0-301F-11D3-BF4B-00C04F79EFBC}") = "Fireworks Animation MOO ICT", "Fireworks Animation MOO ICT\Fireworks Animation MOO ICT.csproj", "{B2A10290-8A1A-454C-9252-F27A5E280980}"
EndProject
Global
	GlobalSection(SolutionConfigurationPlatforms) = preSolution
		Debug|Any CPU = Debug|Any CPU
		Release|Any CPU = Release|Any CPU
	EndGlobalSection
	GlobalSection(ProjectConfigurationPlatforms) = postSolution
		{B2A10290-8A1A-454C-9252-F27A5E280980}.Debug|Any CPU.ActiveCfg = Debug|Any CPU
		{B2A10290-8A1A-454C-9252-F27A5E280980}.Debug|Any CPU.Build.0 = Debug|Any CPU
		{B2A10290-8A1A-454C-9252-F27A5E280980}.Release|Any CPU.ActiveCfg = Release|Any CPU
		{B2A10290-8A1A-454C-9252-F27A5E280980}.Release|Any CPU.Build.0 = Release|Any CPU
	EndGlobalSection
	GlobalSection(SolutionProperties) = preSolution
		HideSolutionNode = FALSE
	EndGlobalSection
	GlobalSection(ExtensibilityGlobals) = postSolution
		SolutionGuid = {A583174B-E217-46B3-8E73-4B90F7806AB1}
	EndGlobalSection
EndGlobal
